
Microsoft Visual Studio Solution File, Format Version 12.00
# Visual Studio Version 16
VisualStudioVersion = 16.0.30621.155
MinimumVisualStudioVersion = 10.0.40219.1
Project("{8BC9CEB8-8B4A-11D0-8D11-00A0C91BC942}") = "01_继承", "01_继承\01_继承.vcxproj", "{092C13DD-BB3B-48D2-ABCD-54BAB6F7F7BE}"
EndProject
Project("{8BC9CEB8-8B4A-11D0-8D11-00A0C91BC942}") = "02_类的继承方式", "02_类的继承方式\02_类的继承方式.vcxproj", "{E11E63DB-C90F-4D3D-BC73-E42E87C52945}"
EndProject
Project("{8BC9CEB8-8B4A-11D0-8D11-00A0C91BC942}") = "03_类的兼容性赋值原则", "03_类的兼容性赋值原则\03_类的兼容性赋值原则.vcxproj", "{F18A485F-BDFF-476C-8F16-2FE9C70CB89E}"
EndProject
Project("{8BC9CEB8-8B4A-11D0-8D11-00A0C91BC942}") = "04_子类中的构造和析构", "04_子类中的构造和析构\04_子类中的构造和析构.vcxproj", "{B6B8047A-EEDC-4A59-8464-27F60BF49A24}"
EndProject
Project("{8BC9CEB8-8B4A-11D0-8D11-00A0C91BC942}") = "05_父类和子类出现重名变量", "05_父类和子类出现重名变量\05_父类和子类出现重名变量.vcxproj", "{3175830E-6261-457E-883B-A5BF9D0A0C70}"
EndProject
Project("{8BC9CEB8-8B4A-11D0-8D11-00A0C91BC942}") = "06_继承中的static", "06_继承中的static\06_继承中的static.vcxproj", "{9A3167B0-44E9-4078-B1B0-96CB701E0738}"
EndProject
Global
	GlobalSection(SolutionConfigurationPlatforms) = preSolution
		Debug|x64 = Debug|x64
		Debug|x86 = Debug|x86
		Release|x64 = Release|x64
		Release|x86 = Release|x86
	EndGlobalSection
	GlobalSection(ProjectConfigurationPlatforms) = postSolution
		{092C13DD-BB3B-48D2-ABCD-54BAB6F7F7BE}.Debug|x64.ActiveCfg = Debug|x64
		{092C13DD-BB3B-48D2-ABCD-54BAB6F7F7BE}.Debug|x64.Build.0 = Debug|x64
		{092C13DD-BB3B-48D2-ABCD-54BAB6F7F7BE}.Debug|x86.ActiveCfg = Debug|Win32
		{092C13DD-BB3B-48D2-ABCD-54BAB6F7F7BE}.Debug|x86.Build.0 = Debug|Win32
		{092C13DD-BB3B-48D2-ABCD-54BAB6F7F7BE}.Release|x64.ActiveCfg = Release|x64
		{092C13DD-BB3B-48D2-ABCD-54BAB6F7F7BE}.Release|x64.Build.0 = Release|x64
		{092C13DD-BB3B-48D2-ABCD-54BAB6F7F7BE}.Release|x86.ActiveCfg = Release|Win32
		{092C13DD-BB3B-48D2-ABCD-54BAB6F7F7BE}.Release|x86.Build.0 = Release|Win32
		{E11E63DB-C90F-4D3D-BC73-E42E87C52945}.Debug|x64.ActiveCfg = Debug|x64
		{E11E63DB-C90F-4D3D-BC73-E42E87C52945}.Debug|x64.Build.0 = Debug|x64
		{E11E63DB-C90F-4D3D-BC73-E42E87C52945}.Debug|x86.ActiveCfg = Debug|Win32
		{E11E63DB-C90F-4D3D-BC73-E42E87C52945}.Debug|x86.Build.0 = Debug|Win32
		{E11E63DB-C90F-4D3D-BC73-E42E87C52945}.Release|x64.ActiveCfg = Release|x64
		{E11E63DB-C90F-4D3D-BC73-E42E87C52945}.Release|x64.Build.0 = Release|x64
		{E11E63DB-C90F-4D3D-BC73-E42E87C52945}.Release|x86.ActiveCfg = Release|Win32
		{E11E63DB-C90F-4D3D-BC73-E42E87C52945}.Release|x86.Build.0 = Release|Win32
		{F18A485F-BDFF-476C-8F16-2FE9C70CB89E}.Debug|x64.ActiveCfg = Debug|x64
		{F18A485F-BDFF-476C-8F16-2FE9C70CB89E}.Debug|x64.Build.0 = Debug|x64
		{F18A485F-BDFF-476C-8F16-2FE9C70CB89E}.Debug|x86.ActiveCfg = Debug|Win32
		{F18A485F-BDFF-476C-8F16-2FE9C70CB89E}.Debug|x86.Build.0 = Debug|Win32
		{F18A485F-BDFF-476C-8F16-2FE9C70CB89E}.Release|x64.ActiveCfg = Release|x64
		{F18A485F-BDFF-476C-8F16-2FE9C70CB89E}.Release|x64.Build.0 = Release|x64
		{F18A485F-BDFF-476C-8F16-2FE9C70CB89E}.Release|x86.ActiveCfg = Release|Win32
		{F18A485F-BDFF-476C-8F16-2FE9C70CB89E}.Release|x86.Build.0 = Release|Win32
		{B6B8047A-EEDC-4A59-8464-27F60BF49A24}.Debug|x64.ActiveCfg = Debug|x64
		{B6B8047A-EEDC-4A59-8464-27F60BF49A24}.Debug|x64.Build.0 = Debug|x64
		{B6B8047A-EEDC-4A59-8464-27F60BF49A24}.Debug|x86.ActiveCfg = Debug|Win32
		{B6B8047A-EEDC-4A59-8464-27F60BF49A24}.Debug|x86.Build.0 = Debug|Win32
		{B6B8047A-EEDC-4A59-8464-27F60BF49A24}.Release|x64.ActiveCfg = Release|x64
		{B6B8047A-EEDC-4A59-8464-27F60BF49A24}.Release|x64.Build.0 = Release|x64
		{B6B8047A-EEDC-4A59-8464-27F60BF49A24}.Release|x86.ActiveCfg = Release|Win32
		{B6B8047A-EEDC-4A59-8464-27F60BF49A24}.Release|x86.Build.0 = Release|Win32
		{3175830E-6261-457E-883B-A5BF9D0A0C70}.Debug|x64.ActiveCfg = Debug|x64
		{3175830E-6261-457E-883B-A5BF9D0A0C70}.Debug|x64.Build.0 = Debug|x64
		{3175830E-6261-457E-883B-A5BF9D0A0C70}.Debug|x86.ActiveCfg = Debug|Win32
		{3175830E-6261-457E-883B-A5BF9D0A0C70}.Debug|x86.Build.0 = Debug|Win32
		{3175830E-6261-457E-883B-A5BF9D0A0C70}.Release|x64.ActiveCfg = Release|x64
		{3175830E-6261-457E-883B-A5BF9D0A0C70}.Release|x64.Build.0 = Release|x64
		{3175830E-6261-457E-883B-A5BF9D0A0C70}.Release|x86.ActiveCfg = Release|Win32
		{3175830E-6261-457E-883B-A5BF9D0A0C70}.Release|x86.Build.0 = Release|Win32
		{9A3167B0-44E9-4078-B1B0-96CB701E0738}.Debug|x64.ActiveCfg = Debug|x64
		{9A3167B0-44E9-4078-B1B0-96CB701E0738}.Debug|x64.Build.0 = Debug|x64
		{9A3167B0-44E9-4078-B1B0-96CB701E0738}.Debug|x86.ActiveCfg = Debug|Win32
		{9A3167B0-44E9-4078-B1B0-96CB701E0738}.Debug|x86.Build.0 = Debug|Win32
		{9A3167B0-44E9-4078-B1B0-96CB701E0738}.Release|x64.ActiveCfg = Release|x64
		{9A3167B0-44E9-4078-B1B0-96CB701E0738}.Release|x64.Build.0 = Release|x64
		{9A3167B0-44E9-4078-B1B0-96CB701E0738}.Release|x86.ActiveCfg = Release|Win32
		{9A3167B0-44E9-4078-B1B0-96CB701E0738}.Release|x86.Build.0 = Release|Win32
	EndGlobalSection
	GlobalSection(SolutionProperties) = preSolution
		HideSolutionNode = FALSE
	EndGlobalSection
	GlobalSection(ExtensibilityGlobals) = postSolution
		SolutionGuid = {A7EC8A91-492F-4559-BA28-08014C4E1230}
	EndGlobalSection
EndGlobal
