
Microsoft Visual Studio Solution File, Format Version 12.00
# Visual Studio Version 16
VisualStudioVersion = 16.0.30621.155
MinimumVisualStudioVersion = 10.0.40219.1
Project("{8BC9CEB8-8B4A-11D0-8D11-00A0C91BC942}") = "01_内联函数", "01_内联函数\01_内联函数.vcxproj", "{7FFEEF2E-6350-4DAA-9AFF-47D0CC23CB29}"
EndProject
Project("{8BC9CEB8-8B4A-11D0-8D11-00A0C91BC942}") = "02_默认参数和占位参数", "02_默认参数和占位参数\02_默认参数和占位参数.vcxproj", "{383AA11C-A4EF-4FE2-B606-55A02B9EE2C6}"
EndProject
Global
	GlobalSection(SolutionConfigurationPlatforms) = preSolution
		Debug|x64 = Debug|x64
		Debug|x86 = Debug|x86
		Release|x64 = Release|x64
		Release|x86 = Release|x86
	EndGlobalSection
	GlobalSection(ProjectConfigurationPlatforms) = postSolution
		{7FFEEF2E-6350-4DAA-9AFF-47D0CC23CB29}.Debug|x64.ActiveCfg = Debug|x64
		{7FFEEF2E-6350-4DAA-9AFF-47D0CC23CB29}.Debug|x64.Build.0 = Debug|x64
		{7FFEEF2E-6350-4DAA-9AFF-47D0CC23CB29}.Debug|x86.ActiveCfg = Debug|Win32
		{7FFEEF2E-6350-4DAA-9AFF-47D0CC23CB29}.Debug|x86.Build.0 = Debug|Win32
		{7FFEEF2E-6350-4DAA-9AFF-47D0CC23CB29}.Release|x64.ActiveCfg = Release|x64
		{7FFEEF2E-6350-4DAA-9AFF-47D0CC23CB29}.Release|x64.Build.0 = Release|x64
		{7FFEEF2E-6350-4DAA-9AFF-47D0CC23CB29}.Release|x86.ActiveCfg = Release|Win32
		{7FFEEF2E-6350-4DAA-9AFF-47D0CC23CB29}.Release|x86.Build.0 = Release|Win32
		{383AA11C-A4EF-4FE2-B606-55A02B9EE2C6}.Debug|x64.ActiveCfg = Debug|x64
		{383AA11C-A4EF-4FE2-B606-55A02B9EE2C6}.Debug|x64.Build.0 = Debug|x64
		{383AA11C-A4EF-4FE2-B606-55A02B9EE2C6}.Debug|x86.ActiveCfg = Debug|Win32
		{383AA11C-A4EF-4FE2-B606-55A02B9EE2C6}.Debug|x86.Build.0 = Debug|Win32
		{383AA11C-A4EF-4FE2-B606-55A02B9EE2C6}.Release|x64.ActiveCfg = Release|x64
		{383AA11C-A4EF-4FE2-B606-55A02B9EE2C6}.Release|x64.Build.0 = Release|x64
		{383AA11C-A4EF-4FE2-B606-55A02B9EE2C6}.Release|x86.ActiveCfg = Release|Win32
		{383AA11C-A4EF-4FE2-B606-55A02B9EE2C6}.Release|x86.Build.0 = Release|Win32
	EndGlobalSection
	GlobalSection(SolutionProperties) = preSolution
		HideSolutionNode = FALSE
	EndGlobalSection
	GlobalSection(ExtensibilityGlobals) = postSolution
		SolutionGuid = {5847C1C2-AC95-4E77-9B89-B2F8C20ECF58}
	EndGlobalSection
EndGlobal
