
Microsoft Visual Studio Solution File, Format Version 12.00
# Visual Studio Version 16
VisualStudioVersion = 16.0.30621.155
MinimumVisualStudioVersion = 10.0.40219.1
Project("{8BC9CEB8-8B4A-11D0-8D11-00A0C91BC942}") = "01_内联函数", "01_内联函数\01_内联函数.vcxproj", "{7FFEEF2E-6350-4DAA-9AFF-47D0CC23CB29}"
EndProject
Project("{8BC9CEB8-8B4A-11D0-8D11-00A0C91BC942}") = "02_默认参数和占位参数", "02_默认参数和占位参数\02_默认参数和占位参数.vcxproj", "{383AA11C-A4EF-4FE2-B606-55A02B9EE2C6}"
EndProject
Project("{8BC9CEB8-8B4A-11D0-8D11-00A0C91BC942}") = "03_函数重载", "03_函数重载\03_函数重载.vcxproj", "{2D8245C4-E962-4292-93DF-53C05CE4CDDA}"
EndProject
Project("{8BC9CEB8-8B4A-11D0-8D11-00A0C91BC942}") = "04_函数重载和函数指针", "04_函数重载和函数指针\04_函数重载和函数指针.vcxproj", "{D7349AB0-30DC-464F-9169-518F6FDFF126}"
EndProject
Project("{8BC9CEB8-8B4A-11D0-8D11-00A0C91BC942}") = "05_类的基本概念", "05_类的基本概念\05_类的基本概念.vcxproj", "{4BAA1787-37CD-4749-9882-66793A1476E2}"
EndProject
Project("{8BC9CEB8-8B4A-11D0-8D11-00A0C91BC942}") = "06_类的封装", "06_类的封装\06_类的封装.vcxproj", "{1580FBC6-6B84-49C0-90A3-252791DDB6DA}"
EndProject
Project("{8BC9CEB8-8B4A-11D0-8D11-00A0C91BC942}") = "07_圆的周长和面积多文件编写", "07_圆的周长和面积多文件编写\07_圆的周长和面积多文件编写.vcxproj", "{FD2B341A-7386-45ED-9014-ABEAABC9A384}"
EndProject
Project("{8BC9CEB8-8B4A-11D0-8D11-00A0C91BC942}") = "08_判断两个立方体是否相等", "08_判断两个立方体是否相等\08_判断两个立方体是否相等.vcxproj", "{B183DBF2-6A41-411A-8E22-C66CAFCBE0C5}"
EndProject
Project("{8BC9CEB8-8B4A-11D0-8D11-00A0C91BC942}") = "09_判断点是否在圆的内部", "09_判断点是否在圆的内部\09_判断点是否在圆的内部.vcxproj", "{B788F65A-4676-4BDE-B475-627897A78660}"
EndProject
Global
	GlobalSection(SolutionConfigurationPlatforms) = preSolution
		Debug|x64 = Debug|x64
		Debug|x86 = Debug|x86
		Release|x64 = Release|x64
		Release|x86 = Release|x86
	EndGlobalSection
	GlobalSection(ProjectConfigurationPlatforms) = postSolution
		{7FFEEF2E-6350-4DAA-9AFF-47D0CC23CB29}.Debug|x64.ActiveCfg = Debug|x64
		{7FFEEF2E-6350-4DAA-9AFF-47D0CC23CB29}.Debug|x64.Build.0 = Debug|x64
		{7FFEEF2E-6350-4DAA-9AFF-47D0CC23CB29}.Debug|x86.ActiveCfg = Debug|Win32
		{7FFEEF2E-6350-4DAA-9AFF-47D0CC23CB29}.Debug|x86.Build.0 = Debug|Win32
		{7FFEEF2E-6350-4DAA-9AFF-47D0CC23CB29}.Release|x64.ActiveCfg = Release|x64
		{7FFEEF2E-6350-4DAA-9AFF-47D0CC23CB29}.Release|x64.Build.0 = Release|x64
		{7FFEEF2E-6350-4DAA-9AFF-47D0CC23CB29}.Release|x86.ActiveCfg = Release|Win32
		{7FFEEF2E-6350-4DAA-9AFF-47D0CC23CB29}.Release|x86.Build.0 = Release|Win32
		{383AA11C-A4EF-4FE2-B606-55A02B9EE2C6}.Debug|x64.ActiveCfg = Debug|x64
		{383AA11C-A4EF-4FE2-B606-55A02B9EE2C6}.Debug|x64.Build.0 = Debug|x64
		{383AA11C-A4EF-4FE2-B606-55A02B9EE2C6}.Debug|x86.ActiveCfg = Debug|Win32
		{383AA11C-A4EF-4FE2-B606-55A02B9EE2C6}.Debug|x86.Build.0 = Debug|Win32
		{383AA11C-A4EF-4FE2-B606-55A02B9EE2C6}.Release|x64.ActiveCfg = Release|x64
		{383AA11C-A4EF-4FE2-B606-55A02B9EE2C6}.Release|x64.Build.0 = Release|x64
		{383AA11C-A4EF-4FE2-B606-55A02B9EE2C6}.Release|x86.ActiveCfg = Release|Win32
		{383AA11C-A4EF-4FE2-B606-55A02B9EE2C6}.Release|x86.Build.0 = Release|Win32
		{2D8245C4-E962-4292-93DF-53C05CE4CDDA}.Debug|x64.ActiveCfg = Debug|x64
		{2D8245C4-E962-4292-93DF-53C05CE4CDDA}.Debug|x64.Build.0 = Debug|x64
		{2D8245C4-E962-4292-93DF-53C05CE4CDDA}.Debug|x86.ActiveCfg = Debug|Win32
		{2D8245C4-E962-4292-93DF-53C05CE4CDDA}.Debug|x86.Build.0 = Debug|Win32
		{2D8245C4-E962-4292-93DF-53C05CE4CDDA}.Release|x64.ActiveCfg = Release|x64
		{2D8245C4-E962-4292-93DF-53C05CE4CDDA}.Release|x64.Build.0 = Release|x64
		{2D8245C4-E962-4292-93DF-53C05CE4CDDA}.Release|x86.ActiveCfg = Release|Win32
		{2D8245C4-E962-4292-93DF-53C05CE4CDDA}.Release|x86.Build.0 = Release|Win32
		{D7349AB0-30DC-464F-9169-518F6FDFF126}.Debug|x64.ActiveCfg = Debug|x64
		{D7349AB0-30DC-464F-9169-518F6FDFF126}.Debug|x64.Build.0 = Debug|x64
		{D7349AB0-30DC-464F-9169-518F6FDFF126}.Debug|x86.ActiveCfg = Debug|Win32
		{D7349AB0-30DC-464F-9169-518F6FDFF126}.Debug|x86.Build.0 = Debug|Win32
		{D7349AB0-30DC-464F-9169-518F6FDFF126}.Release|x64.ActiveCfg = Release|x64
		{D7349AB0-30DC-464F-9169-518F6FDFF126}.Release|x64.Build.0 = Release|x64
		{D7349AB0-30DC-464F-9169-518F6FDFF126}.Release|x86.ActiveCfg = Release|Win32
		{D7349AB0-30DC-464F-9169-518F6FDFF126}.Release|x86.Build.0 = Release|Win32
		{4BAA1787-37CD-4749-9882-66793A1476E2}.Debug|x64.ActiveCfg = Debug|x64
		{4BAA1787-37CD-4749-9882-66793A1476E2}.Debug|x64.Build.0 = Debug|x64
		{4BAA1787-37CD-4749-9882-66793A1476E2}.Debug|x86.ActiveCfg = Debug|Win32
		{4BAA1787-37CD-4749-9882-66793A1476E2}.Debug|x86.Build.0 = Debug|Win32
		{4BAA1787-37CD-4749-9882-66793A1476E2}.Release|x64.ActiveCfg = Release|x64
		{4BAA1787-37CD-4749-9882-66793A1476E2}.Release|x64.Build.0 = Release|x64
		{4BAA1787-37CD-4749-9882-66793A1476E2}.Release|x86.ActiveCfg = Release|Win32
		{4BAA1787-37CD-4749-9882-66793A1476E2}.Release|x86.Build.0 = Release|Win32
		{1580FBC6-6B84-49C0-90A3-252791DDB6DA}.Debug|x64.ActiveCfg = Debug|x64
		{1580FBC6-6B84-49C0-90A3-252791DDB6DA}.Debug|x64.Build.0 = Debug|x64
		{1580FBC6-6B84-49C0-90A3-252791DDB6DA}.Debug|x86.ActiveCfg = Debug|Win32
		{1580FBC6-6B84-49C0-90A3-252791DDB6DA}.Debug|x86.Build.0 = Debug|Win32
		{1580FBC6-6B84-49C0-90A3-252791DDB6DA}.Release|x64.ActiveCfg = Release|x64
		{1580FBC6-6B84-49C0-90A3-252791DDB6DA}.Release|x64.Build.0 = Release|x64
		{1580FBC6-6B84-49C0-90A3-252791DDB6DA}.Release|x86.ActiveCfg = Release|Win32
		{1580FBC6-6B84-49C0-90A3-252791DDB6DA}.Release|x86.Build.0 = Release|Win32
		{FD2B341A-7386-45ED-9014-ABEAABC9A384}.Debug|x64.ActiveCfg = Debug|x64
		{FD2B341A-7386-45ED-9014-ABEAABC9A384}.Debug|x64.Build.0 = Debug|x64
		{FD2B341A-7386-45ED-9014-ABEAABC9A384}.Debug|x86.ActiveCfg = Debug|Win32
		{FD2B341A-7386-45ED-9014-ABEAABC9A384}.Debug|x86.Build.0 = Debug|Win32
		{FD2B341A-7386-45ED-9014-ABEAABC9A384}.Release|x64.ActiveCfg = Release|x64
		{FD2B341A-7386-45ED-9014-ABEAABC9A384}.Release|x64.Build.0 = Release|x64
		{FD2B341A-7386-45ED-9014-ABEAABC9A384}.Release|x86.ActiveCfg = Release|Win32
		{FD2B341A-7386-45ED-9014-ABEAABC9A384}.Release|x86.Build.0 = Release|Win32
		{B183DBF2-6A41-411A-8E22-C66CAFCBE0C5}.Debug|x64.ActiveCfg = Debug|x64
		{B183DBF2-6A41-411A-8E22-C66CAFCBE0C5}.Debug|x64.Build.0 = Debug|x64
		{B183DBF2-6A41-411A-8E22-C66CAFCBE0C5}.Debug|x86.ActiveCfg = Debug|Win32
		{B183DBF2-6A41-411A-8E22-C66CAFCBE0C5}.Debug|x86.Build.0 = Debug|Win32
		{B183DBF2-6A41-411A-8E22-C66CAFCBE0C5}.Release|x64.ActiveCfg = Release|x64
		{B183DBF2-6A41-411A-8E22-C66CAFCBE0C5}.Release|x64.Build.0 = Release|x64
		{B183DBF2-6A41-411A-8E22-C66CAFCBE0C5}.Release|x86.ActiveCfg = Release|Win32
		{B183DBF2-6A41-411A-8E22-C66CAFCBE0C5}.Release|x86.Build.0 = Release|Win32
		{B788F65A-4676-4BDE-B475-627897A78660}.Debug|x64.ActiveCfg = Debug|x64
		{B788F65A-4676-4BDE-B475-627897A78660}.Debug|x64.Build.0 = Debug|x64
		{B788F65A-4676-4BDE-B475-627897A78660}.Debug|x86.ActiveCfg = Debug|Win32
		{B788F65A-4676-4BDE-B475-627897A78660}.Debug|x86.Build.0 = Debug|Win32
		{B788F65A-4676-4BDE-B475-627897A78660}.Release|x64.ActiveCfg = Release|x64
		{B788F65A-4676-4BDE-B475-627897A78660}.Release|x64.Build.0 = Release|x64
		{B788F65A-4676-4BDE-B475-627897A78660}.Release|x86.ActiveCfg = Release|Win32
		{B788F65A-4676-4BDE-B475-627897A78660}.Release|x86.Build.0 = Release|Win32
	EndGlobalSection
	GlobalSection(SolutionProperties) = preSolution
		HideSolutionNode = FALSE
	EndGlobalSection
	GlobalSection(ExtensibilityGlobals) = postSolution
		SolutionGuid = {5847C1C2-AC95-4E77-9B89-B2F8C20ECF58}
	EndGlobalSection
EndGlobal
