
Microsoft Visual Studio Solution File, Format Version 12.00
# Visual Studio Version 16
VisualStudioVersion = 16.0.30621.155
MinimumVisualStudioVersion = 10.0.40219.1
Project("{8BC9CEB8-8B4A-11D0-8D11-00A0C91BC942}") = "01_仓库货物管理", "01_仓库货物管理\01_仓库货物管理.vcxproj", "{913F6111-DEFA-47E1-AA1D-546727D7359B}"
EndProject
Project("{8BC9CEB8-8B4A-11D0-8D11-00A0C91BC942}") = "02_this指针", "02_this指针\02_this指针.vcxproj", "{EDA14904-88ED-4352-8E63-29934495E3C2}"
EndProject
Project("{8BC9CEB8-8B4A-11D0-8D11-00A0C91BC942}") = "03_对象返回自身", "03_对象返回自身\03_对象返回自身.vcxproj", "{7B3231DA-8BC9-41BC-A1D6-D573ADD6B759}"
EndProject
Global
	GlobalSection(SolutionConfigurationPlatforms) = preSolution
		Debug|x64 = Debug|x64
		Debug|x86 = Debug|x86
		Release|x64 = Release|x64
		Release|x86 = Release|x86
	EndGlobalSection
	GlobalSection(ProjectConfigurationPlatforms) = postSolution
		{913F6111-DEFA-47E1-AA1D-546727D7359B}.Debug|x64.ActiveCfg = Debug|x64
		{913F6111-DEFA-47E1-AA1D-546727D7359B}.Debug|x64.Build.0 = Debug|x64
		{913F6111-DEFA-47E1-AA1D-546727D7359B}.Debug|x86.ActiveCfg = Debug|Win32
		{913F6111-DEFA-47E1-AA1D-546727D7359B}.Debug|x86.Build.0 = Debug|Win32
		{913F6111-DEFA-47E1-AA1D-546727D7359B}.Release|x64.ActiveCfg = Release|x64
		{913F6111-DEFA-47E1-AA1D-546727D7359B}.Release|x64.Build.0 = Release|x64
		{913F6111-DEFA-47E1-AA1D-546727D7359B}.Release|x86.ActiveCfg = Release|Win32
		{913F6111-DEFA-47E1-AA1D-546727D7359B}.Release|x86.Build.0 = Release|Win32
		{EDA14904-88ED-4352-8E63-29934495E3C2}.Debug|x64.ActiveCfg = Debug|x64
		{EDA14904-88ED-4352-8E63-29934495E3C2}.Debug|x64.Build.0 = Debug|x64
		{EDA14904-88ED-4352-8E63-29934495E3C2}.Debug|x86.ActiveCfg = Debug|Win32
		{EDA14904-88ED-4352-8E63-29934495E3C2}.Debug|x86.Build.0 = Debug|Win32
		{EDA14904-88ED-4352-8E63-29934495E3C2}.Release|x64.ActiveCfg = Release|x64
		{EDA14904-88ED-4352-8E63-29934495E3C2}.Release|x64.Build.0 = Release|x64
		{EDA14904-88ED-4352-8E63-29934495E3C2}.Release|x86.ActiveCfg = Release|Win32
		{EDA14904-88ED-4352-8E63-29934495E3C2}.Release|x86.Build.0 = Release|Win32
		{7B3231DA-8BC9-41BC-A1D6-D573ADD6B759}.Debug|x64.ActiveCfg = Debug|x64
		{7B3231DA-8BC9-41BC-A1D6-D573ADD6B759}.Debug|x64.Build.0 = Debug|x64
		{7B3231DA-8BC9-41BC-A1D6-D573ADD6B759}.Debug|x86.ActiveCfg = Debug|Win32
		{7B3231DA-8BC9-41BC-A1D6-D573ADD6B759}.Debug|x86.Build.0 = Debug|Win32
		{7B3231DA-8BC9-41BC-A1D6-D573ADD6B759}.Release|x64.ActiveCfg = Release|x64
		{7B3231DA-8BC9-41BC-A1D6-D573ADD6B759}.Release|x64.Build.0 = Release|x64
		{7B3231DA-8BC9-41BC-A1D6-D573ADD6B759}.Release|x86.ActiveCfg = Release|Win32
		{7B3231DA-8BC9-41BC-A1D6-D573ADD6B759}.Release|x86.Build.0 = Release|Win32
	EndGlobalSection
	GlobalSection(SolutionProperties) = preSolution
		HideSolutionNode = FALSE
	EndGlobalSection
	GlobalSection(ExtensibilityGlobals) = postSolution
		SolutionGuid = {D1AEF0D0-06A7-450D-9B11-46BC6A48C342}
	EndGlobalSection
EndGlobal
